
Microsoft Visual Studio Solution File, Format Version 12.00
# Visual Studio 15
VisualStudioVersion = 15.0.26124.0
MinimumVisualStudioVersion = 15.0.26124.0
Project("{FAE04EC0-301F-11D3-BF4B-00C04F79EFBC}") = "Common", "Common\Common.csproj", "{F336E09A-23FE-4BF1-83A9-E2CAC39899A5}"
EndProject
Project("{2150E333-8FDC-42A3-9474-1A3956D46DE8}") = "TextBased", "TextBased", "{14030EF7-2ABE-463C-ABCD-A97D5590226C}"
EndProject
Project("{FAE04EC0-301F-11D3-BF4B-00C04F79EFBC}") = "App", "TextBased\App\App.csproj", "{962579A6-6E69-46B2-A985-B33AC4E8933A}"
EndProject
Project("{FAE04EC0-301F-11D3-BF4B-00C04F79EFBC}") = "Lib", "TextBased\Lib\Lib.csproj", "{BB3E1FDA-E502-4C62-BB9D-BAD778A2D8F9}"
EndProject
Global
	GlobalSection(SolutionConfigurationPlatforms) = preSolution
		Debug|Any CPU = Debug|Any CPU
		Debug|x64 = Debug|x64
		Debug|x86 = Debug|x86
		Release|Any CPU = Release|Any CPU
		Release|x64 = Release|x64
		Release|x86 = Release|x86
	EndGlobalSection
	GlobalSection(SolutionProperties) = preSolution
		HideSolutionNode = FALSE
	EndGlobalSection
	GlobalSection(ProjectConfigurationPlatforms) = postSolution
		{F336E09A-23FE-4BF1-83A9-E2CAC39899A5}.Debug|Any CPU.ActiveCfg = Debug|Any CPU
		{F336E09A-23FE-4BF1-83A9-E2CAC39899A5}.Debug|Any CPU.Build.0 = Debug|Any CPU
		{F336E09A-23FE-4BF1-83A9-E2CAC39899A5}.Debug|x64.ActiveCfg = Debug|Any CPU
		{F336E09A-23FE-4BF1-83A9-E2CAC39899A5}.Debug|x64.Build.0 = Debug|Any CPU
		{F336E09A-23FE-4BF1-83A9-E2CAC39899A5}.Debug|x86.ActiveCfg = Debug|Any CPU
		{F336E09A-23FE-4BF1-83A9-E2CAC39899A5}.Debug|x86.Build.0 = Debug|Any CPU
		{F336E09A-23FE-4BF1-83A9-E2CAC39899A5}.Release|Any CPU.ActiveCfg = Release|Any CPU
		{F336E09A-23FE-4BF1-83A9-E2CAC39899A5}.Release|Any CPU.Build.0 = Release|Any CPU
		{F336E09A-23FE-4BF1-83A9-E2CAC39899A5}.Release|x64.ActiveCfg = Release|Any CPU
		{F336E09A-23FE-4BF1-83A9-E2CAC39899A5}.Release|x64.Build.0 = Release|Any CPU
		{F336E09A-23FE-4BF1-83A9-E2CAC39899A5}.Release|x86.ActiveCfg = Release|Any CPU
		{F336E09A-23FE-4BF1-83A9-E2CAC39899A5}.Release|x86.Build.0 = Release|Any CPU
		{962579A6-6E69-46B2-A985-B33AC4E8933A}.Debug|Any CPU.ActiveCfg = Debug|Any CPU
		{962579A6-6E69-46B2-A985-B33AC4E8933A}.Debug|Any CPU.Build.0 = Debug|Any CPU
		{962579A6-6E69-46B2-A985-B33AC4E8933A}.Debug|x64.ActiveCfg = Debug|Any CPU
		{962579A6-6E69-46B2-A985-B33AC4E8933A}.Debug|x64.Build.0 = Debug|Any CPU
		{962579A6-6E69-46B2-A985-B33AC4E8933A}.Debug|x86.ActiveCfg = Debug|Any CPU
		{962579A6-6E69-46B2-A985-B33AC4E8933A}.Debug|x86.Build.0 = Debug|Any CPU
		{962579A6-6E69-46B2-A985-B33AC4E8933A}.Release|Any CPU.ActiveCfg = Release|Any CPU
		{962579A6-6E69-46B2-A985-B33AC4E8933A}.Release|Any CPU.Build.0 = Release|Any CPU
		{962579A6-6E69-46B2-A985-B33AC4E8933A}.Release|x64.ActiveCfg = Release|Any CPU
		{962579A6-6E69-46B2-A985-B33AC4E8933A}.Release|x64.Build.0 = Release|Any CPU
		{962579A6-6E69-46B2-A985-B33AC4E8933A}.Release|x86.ActiveCfg = Release|Any CPU
		{962579A6-6E69-46B2-A985-B33AC4E8933A}.Release|x86.Build.0 = Release|Any CPU
		{BB3E1FDA-E502-4C62-BB9D-BAD778A2D8F9}.Debug|Any CPU.ActiveCfg = Debug|Any CPU
		{BB3E1FDA-E502-4C62-BB9D-BAD778A2D8F9}.Debug|Any CPU.Build.0 = Debug|Any CPU
		{BB3E1FDA-E502-4C62-BB9D-BAD778A2D8F9}.Debug|x64.ActiveCfg = Debug|Any CPU
		{BB3E1FDA-E502-4C62-BB9D-BAD778A2D8F9}.Debug|x64.Build.0 = Debug|Any CPU
		{BB3E1FDA-E502-4C62-BB9D-BAD778A2D8F9}.Debug|x86.ActiveCfg = Debug|Any CPU
		{BB3E1FDA-E502-4C62-BB9D-BAD778A2D8F9}.Debug|x86.Build.0 = Debug|Any CPU
		{BB3E1FDA-E502-4C62-BB9D-BAD778A2D8F9}.Release|Any CPU.ActiveCfg = Release|Any CPU
		{BB3E1FDA-E502-4C62-BB9D-BAD778A2D8F9}.Release|Any CPU.Build.0 = Release|Any CPU
		{BB3E1FDA-E502-4C62-BB9D-BAD778A2D8F9}.Release|x64.ActiveCfg = Release|Any CPU
		{BB3E1FDA-E502-4C62-BB9D-BAD778A2D8F9}.Release|x64.Build.0 = Release|Any CPU
		{BB3E1FDA-E502-4C62-BB9D-BAD778A2D8F9}.Release|x86.ActiveCfg = Release|Any CPU
		{BB3E1FDA-E502-4C62-BB9D-BAD778A2D8F9}.Release|x86.Build.0 = Release|Any CPU
	EndGlobalSection
	GlobalSection(NestedProjects) = preSolution
		{962579A6-6E69-46B2-A985-B33AC4E8933A} = {14030EF7-2ABE-463C-ABCD-A97D5590226C}
		{BB3E1FDA-E502-4C62-BB9D-BAD778A2D8F9} = {14030EF7-2ABE-463C-ABCD-A97D5590226C}
	EndGlobalSection
EndGlobal
