
Microsoft Visual Studio Solution File, Format Version 12.00
# Visual Studio 15
VisualStudioVersion = 15.0.26124.0
MinimumVisualStudioVersion = 15.0.26124.0
Project("{2150E333-8FDC-42A3-9474-1A3956D46DE8}") = "ColorShapeLinks", "ColorShapeLinks", "{C66CF2D4-601C-4E72-8E94-DA920DC5499C}"
EndProject
Project("{FAE04EC0-301F-11D3-BF4B-00C04F79EFBC}") = "Common", "ColorShapeLinks\Common\Common.csproj", "{884E841A-07E6-400F-AA11-4225E1527D09}"
EndProject
Project("{2150E333-8FDC-42A3-9474-1A3956D46DE8}") = "Console", "Console", "{F6E3D847-9B78-4FC1-8683-3E3147FBED8E}"
EndProject
Project("{FAE04EC0-301F-11D3-BF4B-00C04F79EFBC}") = "App", "ColorShapeLinks\Console\App\App.csproj", "{8743AD4E-A205-4EAD-B8E0-04E951A39BF3}"
EndProject
Project("{FAE04EC0-301F-11D3-BF4B-00C04F79EFBC}") = "Lib", "ColorShapeLinks\Console\Lib\Lib.csproj", "{81153599-8041-499A-883B-298D882F054E}"
EndProject
Global
	GlobalSection(SolutionConfigurationPlatforms) = preSolution
		Debug|Any CPU = Debug|Any CPU
		Debug|x64 = Debug|x64
		Debug|x86 = Debug|x86
		Release|Any CPU = Release|Any CPU
		Release|x64 = Release|x64
		Release|x86 = Release|x86
	EndGlobalSection
	GlobalSection(SolutionProperties) = preSolution
		HideSolutionNode = FALSE
	EndGlobalSection
	GlobalSection(ProjectConfigurationPlatforms) = postSolution
		{884E841A-07E6-400F-AA11-4225E1527D09}.Debug|Any CPU.ActiveCfg = Debug|Any CPU
		{884E841A-07E6-400F-AA11-4225E1527D09}.Debug|Any CPU.Build.0 = Debug|Any CPU
		{884E841A-07E6-400F-AA11-4225E1527D09}.Debug|x64.ActiveCfg = Debug|Any CPU
		{884E841A-07E6-400F-AA11-4225E1527D09}.Debug|x64.Build.0 = Debug|Any CPU
		{884E841A-07E6-400F-AA11-4225E1527D09}.Debug|x86.ActiveCfg = Debug|Any CPU
		{884E841A-07E6-400F-AA11-4225E1527D09}.Debug|x86.Build.0 = Debug|Any CPU
		{884E841A-07E6-400F-AA11-4225E1527D09}.Release|Any CPU.ActiveCfg = Release|Any CPU
		{884E841A-07E6-400F-AA11-4225E1527D09}.Release|Any CPU.Build.0 = Release|Any CPU
		{884E841A-07E6-400F-AA11-4225E1527D09}.Release|x64.ActiveCfg = Release|Any CPU
		{884E841A-07E6-400F-AA11-4225E1527D09}.Release|x64.Build.0 = Release|Any CPU
		{884E841A-07E6-400F-AA11-4225E1527D09}.Release|x86.ActiveCfg = Release|Any CPU
		{884E841A-07E6-400F-AA11-4225E1527D09}.Release|x86.Build.0 = Release|Any CPU
		{8743AD4E-A205-4EAD-B8E0-04E951A39BF3}.Debug|Any CPU.ActiveCfg = Debug|Any CPU
		{8743AD4E-A205-4EAD-B8E0-04E951A39BF3}.Debug|Any CPU.Build.0 = Debug|Any CPU
		{8743AD4E-A205-4EAD-B8E0-04E951A39BF3}.Debug|x64.ActiveCfg = Debug|Any CPU
		{8743AD4E-A205-4EAD-B8E0-04E951A39BF3}.Debug|x64.Build.0 = Debug|Any CPU
		{8743AD4E-A205-4EAD-B8E0-04E951A39BF3}.Debug|x86.ActiveCfg = Debug|Any CPU
		{8743AD4E-A205-4EAD-B8E0-04E951A39BF3}.Debug|x86.Build.0 = Debug|Any CPU
		{8743AD4E-A205-4EAD-B8E0-04E951A39BF3}.Release|Any CPU.ActiveCfg = Release|Any CPU
		{8743AD4E-A205-4EAD-B8E0-04E951A39BF3}.Release|Any CPU.Build.0 = Release|Any CPU
		{8743AD4E-A205-4EAD-B8E0-04E951A39BF3}.Release|x64.ActiveCfg = Release|Any CPU
		{8743AD4E-A205-4EAD-B8E0-04E951A39BF3}.Release|x64.Build.0 = Release|Any CPU
		{8743AD4E-A205-4EAD-B8E0-04E951A39BF3}.Release|x86.ActiveCfg = Release|Any CPU
		{8743AD4E-A205-4EAD-B8E0-04E951A39BF3}.Release|x86.Build.0 = Release|Any CPU
		{81153599-8041-499A-883B-298D882F054E}.Debug|Any CPU.ActiveCfg = Debug|Any CPU
		{81153599-8041-499A-883B-298D882F054E}.Debug|Any CPU.Build.0 = Debug|Any CPU
		{81153599-8041-499A-883B-298D882F054E}.Debug|x64.ActiveCfg = Debug|Any CPU
		{81153599-8041-499A-883B-298D882F054E}.Debug|x64.Build.0 = Debug|Any CPU
		{81153599-8041-499A-883B-298D882F054E}.Debug|x86.ActiveCfg = Debug|Any CPU
		{81153599-8041-499A-883B-298D882F054E}.Debug|x86.Build.0 = Debug|Any CPU
		{81153599-8041-499A-883B-298D882F054E}.Release|Any CPU.ActiveCfg = Release|Any CPU
		{81153599-8041-499A-883B-298D882F054E}.Release|Any CPU.Build.0 = Release|Any CPU
		{81153599-8041-499A-883B-298D882F054E}.Release|x64.ActiveCfg = Release|Any CPU
		{81153599-8041-499A-883B-298D882F054E}.Release|x64.Build.0 = Release|Any CPU
		{81153599-8041-499A-883B-298D882F054E}.Release|x86.ActiveCfg = Release|Any CPU
		{81153599-8041-499A-883B-298D882F054E}.Release|x86.Build.0 = Release|Any CPU
	EndGlobalSection
	GlobalSection(NestedProjects) = preSolution
		{884E841A-07E6-400F-AA11-4225E1527D09} = {C66CF2D4-601C-4E72-8E94-DA920DC5499C}
		{F6E3D847-9B78-4FC1-8683-3E3147FBED8E} = {C66CF2D4-601C-4E72-8E94-DA920DC5499C}
		{8743AD4E-A205-4EAD-B8E0-04E951A39BF3} = {F6E3D847-9B78-4FC1-8683-3E3147FBED8E}
		{81153599-8041-499A-883B-298D882F054E} = {F6E3D847-9B78-4FC1-8683-3E3147FBED8E}
	EndGlobalSection
EndGlobal
